
Microsoft Visual Studio Solution File, Format Version 12.00
# Visual Studio Version 16
VisualStudioVersion = 16.0.30523.141
MinimumVisualStudioVersion = 10.0.40219.1
Project("{9A19103F-16F7-4668-BE54-9A1E7A4F7556}") = "lab 1-2", "lab 1-2\lab 1-2.csproj", "{AB6D1250-2EAA-4920-9929-E49E47F09EB4}"
EndProject
Project("{9A19103F-16F7-4668-BE54-9A1E7A4F7556}") = "lab 1-3", "lab 1-3\lab 1-3.csproj", "{9869584B-3997-4810-819B-1A633D41C152}"
EndProject
Project("{9A19103F-16F7-4668-BE54-9A1E7A4F7556}") = "lab 1-4", "lab 1-4\lab 1-4.csproj", "{084C7797-6D78-4645-AABC-CDCF2D650880}"
EndProject
Project("{9A19103F-16F7-4668-BE54-9A1E7A4F7556}") = "lab 1-5", "lab 1-5\lab 1-5.csproj", "{B9D8A280-9874-4CFB-8DAB-06A0257DD65A}"
EndProject
Project("{9A19103F-16F7-4668-BE54-9A1E7A4F7556}") = "lab 1-6", "lab 1-6\lab 1-6.csproj", "{F06204E4-153C-4ADE-AD21-8B8876F3C836}"
EndProject
Project("{9A19103F-16F7-4668-BE54-9A1E7A4F7556}") = "lab 1-1", "lab 1-1\lab 1-1.csproj", "{9A4F6D22-45D0-47BA-ABFA-9E25E58DE1D5}"
EndProject
Project("{9A19103F-16F7-4668-BE54-9A1E7A4F7556}") = "lab 2-1", "lab 2-1\lab 2-1.csproj", "{32C0EF57-3B9A-47E1-A84E-D05B30CF9498}"
EndProject
Project("{9A19103F-16F7-4668-BE54-9A1E7A4F7556}") = "lab 2-2", "lab 2-2\lab 2-2.csproj", "{478BE2AE-1C00-4521-A93F-3C9C449032EA}"
EndProject
Project("{9A19103F-16F7-4668-BE54-9A1E7A4F7556}") = "lab 2-3", "lab 2-3\lab 2-3.csproj", "{2D2181E4-C4B8-4F5B-97F8-FE767FD6F7D5}"
EndProject
Project("{9A19103F-16F7-4668-BE54-9A1E7A4F7556}") = "lab 2-4", "lab 2-4\lab 2-4.csproj", "{08D9EA38-1214-43BC-ACFE-3060497831A9}"
EndProject
Project("{9A19103F-16F7-4668-BE54-9A1E7A4F7556}") = "lab rand", "lab rand\lab rand.csproj", "{3AA92C68-17AE-4BE0-88F7-7038FFA3C0E0}"
EndProject
Project("{9A19103F-16F7-4668-BE54-9A1E7A4F7556}") = "lab 3-1", "lab 3-1\lab 3-1.csproj", "{422354EE-FFAF-436A-B1EC-F48066948BAD}"
EndProject
Project("{9A19103F-16F7-4668-BE54-9A1E7A4F7556}") = "lab 3-2", "lab 3-2\lab 3-2.csproj", "{A6149E44-9E44-4832-ACCB-12B6C778AFE1}"
EndProject
Project("{9A19103F-16F7-4668-BE54-9A1E7A4F7556}") = "lab 3-3", "lab 3-3\lab 3-3.csproj", "{EE568355-E449-40E8-A855-9EE76E1A2A06}"
EndProject
Project("{9A19103F-16F7-4668-BE54-9A1E7A4F7556}") = "lab 4-1", "lab 4-1\lab 4-1.csproj", "{75595475-EE32-435B-978B-995E786A764F}"
EndProject
Project("{9A19103F-16F7-4668-BE54-9A1E7A4F7556}") = "lab 4-2", "lab 4-2\lab 4-2.csproj", "{7BFA239F-9D4B-4497-BBE7-789DA846D84C}"
EndProject
Project("{FAE04EC0-301F-11D3-BF4B-00C04F79EFBC}") = "lab 4-3", "lab 4-3\lab 4-3.csproj", "{DCC58CD0-DA55-4E85-950D-31000CF361C7}"
EndProject
Project("{FAE04EC0-301F-11D3-BF4B-00C04F79EFBC}") = "lab 4-4", "lab 4-4\lab 4-4.csproj", "{629D7778-4DB7-42EC-B6A0-52DF697B0B83}"
EndProject
Global
	GlobalSection(SolutionConfigurationPlatforms) = preSolution
		Debug|Any CPU = Debug|Any CPU
		Release|Any CPU = Release|Any CPU
	EndGlobalSection
	GlobalSection(ProjectConfigurationPlatforms) = postSolution
		{AB6D1250-2EAA-4920-9929-E49E47F09EB4}.Debug|Any CPU.ActiveCfg = Debug|Any CPU
		{AB6D1250-2EAA-4920-9929-E49E47F09EB4}.Debug|Any CPU.Build.0 = Debug|Any CPU
		{AB6D1250-2EAA-4920-9929-E49E47F09EB4}.Release|Any CPU.ActiveCfg = Release|Any CPU
		{AB6D1250-2EAA-4920-9929-E49E47F09EB4}.Release|Any CPU.Build.0 = Release|Any CPU
		{9869584B-3997-4810-819B-1A633D41C152}.Debug|Any CPU.ActiveCfg = Debug|Any CPU
		{9869584B-3997-4810-819B-1A633D41C152}.Debug|Any CPU.Build.0 = Debug|Any CPU
		{9869584B-3997-4810-819B-1A633D41C152}.Release|Any CPU.ActiveCfg = Release|Any CPU
		{9869584B-3997-4810-819B-1A633D41C152}.Release|Any CPU.Build.0 = Release|Any CPU
		{084C7797-6D78-4645-AABC-CDCF2D650880}.Debug|Any CPU.ActiveCfg = Debug|Any CPU
		{084C7797-6D78-4645-AABC-CDCF2D650880}.Debug|Any CPU.Build.0 = Debug|Any CPU
		{084C7797-6D78-4645-AABC-CDCF2D650880}.Release|Any CPU.ActiveCfg = Release|Any CPU
		{084C7797-6D78-4645-AABC-CDCF2D650880}.Release|Any CPU.Build.0 = Release|Any CPU
		{B9D8A280-9874-4CFB-8DAB-06A0257DD65A}.Debug|Any CPU.ActiveCfg = Debug|Any CPU
		{B9D8A280-9874-4CFB-8DAB-06A0257DD65A}.Debug|Any CPU.Build.0 = Debug|Any CPU
		{B9D8A280-9874-4CFB-8DAB-06A0257DD65A}.Release|Any CPU.ActiveCfg = Release|Any CPU
		{B9D8A280-9874-4CFB-8DAB-06A0257DD65A}.Release|Any CPU.Build.0 = Release|Any CPU
		{F06204E4-153C-4ADE-AD21-8B8876F3C836}.Debug|Any CPU.ActiveCfg = Debug|Any CPU
		{F06204E4-153C-4ADE-AD21-8B8876F3C836}.Debug|Any CPU.Build.0 = Debug|Any CPU
		{F06204E4-153C-4ADE-AD21-8B8876F3C836}.Release|Any CPU.ActiveCfg = Release|Any CPU
		{F06204E4-153C-4ADE-AD21-8B8876F3C836}.Release|Any CPU.Build.0 = Release|Any CPU
		{9A4F6D22-45D0-47BA-ABFA-9E25E58DE1D5}.Debug|Any CPU.ActiveCfg = Debug|Any CPU
		{9A4F6D22-45D0-47BA-ABFA-9E25E58DE1D5}.Debug|Any CPU.Build.0 = Debug|Any CPU
		{9A4F6D22-45D0-47BA-ABFA-9E25E58DE1D5}.Release|Any CPU.ActiveCfg = Release|Any CPU
		{9A4F6D22-45D0-47BA-ABFA-9E25E58DE1D5}.Release|Any CPU.Build.0 = Release|Any CPU
		{32C0EF57-3B9A-47E1-A84E-D05B30CF9498}.Debug|Any CPU.ActiveCfg = Debug|Any CPU
		{32C0EF57-3B9A-47E1-A84E-D05B30CF9498}.Debug|Any CPU.Build.0 = Debug|Any CPU
		{32C0EF57-3B9A-47E1-A84E-D05B30CF9498}.Release|Any CPU.ActiveCfg = Release|Any CPU
		{32C0EF57-3B9A-47E1-A84E-D05B30CF9498}.Release|Any CPU.Build.0 = Release|Any CPU
		{478BE2AE-1C00-4521-A93F-3C9C449032EA}.Debug|Any CPU.ActiveCfg = Debug|Any CPU
		{478BE2AE-1C00-4521-A93F-3C9C449032EA}.Debug|Any CPU.Build.0 = Debug|Any CPU
		{478BE2AE-1C00-4521-A93F-3C9C449032EA}.Release|Any CPU.ActiveCfg = Release|Any CPU
		{478BE2AE-1C00-4521-A93F-3C9C449032EA}.Release|Any CPU.Build.0 = Release|Any CPU
		{2D2181E4-C4B8-4F5B-97F8-FE767FD6F7D5}.Debug|Any CPU.ActiveCfg = Debug|Any CPU
		{2D2181E4-C4B8-4F5B-97F8-FE767FD6F7D5}.Debug|Any CPU.Build.0 = Debug|Any CPU
		{2D2181E4-C4B8-4F5B-97F8-FE767FD6F7D5}.Release|Any CPU.ActiveCfg = Release|Any CPU
		{2D2181E4-C4B8-4F5B-97F8-FE767FD6F7D5}.Release|Any CPU.Build.0 = Release|Any CPU
		{08D9EA38-1214-43BC-ACFE-3060497831A9}.Debug|Any CPU.ActiveCfg = Debug|Any CPU
		{08D9EA38-1214-43BC-ACFE-3060497831A9}.Debug|Any CPU.Build.0 = Debug|Any CPU
		{08D9EA38-1214-43BC-ACFE-3060497831A9}.Release|Any CPU.ActiveCfg = Release|Any CPU
		{08D9EA38-1214-43BC-ACFE-3060497831A9}.Release|Any CPU.Build.0 = Release|Any CPU
		{3AA92C68-17AE-4BE0-88F7-7038FFA3C0E0}.Debug|Any CPU.ActiveCfg = Debug|Any CPU
		{3AA92C68-17AE-4BE0-88F7-7038FFA3C0E0}.Debug|Any CPU.Build.0 = Debug|Any CPU
		{3AA92C68-17AE-4BE0-88F7-7038FFA3C0E0}.Release|Any CPU.ActiveCfg = Release|Any CPU
		{3AA92C68-17AE-4BE0-88F7-7038FFA3C0E0}.Release|Any CPU.Build.0 = Release|Any CPU
		{422354EE-FFAF-436A-B1EC-F48066948BAD}.Debug|Any CPU.ActiveCfg = Debug|Any CPU
		{422354EE-FFAF-436A-B1EC-F48066948BAD}.Debug|Any CPU.Build.0 = Debug|Any CPU
		{422354EE-FFAF-436A-B1EC-F48066948BAD}.Release|Any CPU.ActiveCfg = Release|Any CPU
		{422354EE-FFAF-436A-B1EC-F48066948BAD}.Release|Any CPU.Build.0 = Release|Any CPU
		{A6149E44-9E44-4832-ACCB-12B6C778AFE1}.Debug|Any CPU.ActiveCfg = Debug|Any CPU
		{A6149E44-9E44-4832-ACCB-12B6C778AFE1}.Debug|Any CPU.Build.0 = Debug|Any CPU
		{A6149E44-9E44-4832-ACCB-12B6C778AFE1}.Release|Any CPU.ActiveCfg = Release|Any CPU
		{A6149E44-9E44-4832-ACCB-12B6C778AFE1}.Release|Any CPU.Build.0 = Release|Any CPU
		{EE568355-E449-40E8-A855-9EE76E1A2A06}.Debug|Any CPU.ActiveCfg = Debug|Any CPU
		{EE568355-E449-40E8-A855-9EE76E1A2A06}.Debug|Any CPU.Build.0 = Debug|Any CPU
		{EE568355-E449-40E8-A855-9EE76E1A2A06}.Release|Any CPU.ActiveCfg = Release|Any CPU
		{EE568355-E449-40E8-A855-9EE76E1A2A06}.Release|Any CPU.Build.0 = Release|Any CPU
		{75595475-EE32-435B-978B-995E786A764F}.Debug|Any CPU.ActiveCfg = Debug|Any CPU
		{75595475-EE32-435B-978B-995E786A764F}.Debug|Any CPU.Build.0 = Debug|Any CPU
		{75595475-EE32-435B-978B-995E786A764F}.Release|Any CPU.ActiveCfg = Release|Any CPU
		{75595475-EE32-435B-978B-995E786A764F}.Release|Any CPU.Build.0 = Release|Any CPU
		{7BFA239F-9D4B-4497-BBE7-789DA846D84C}.Debug|Any CPU.ActiveCfg = Debug|Any CPU
		{7BFA239F-9D4B-4497-BBE7-789DA846D84C}.Debug|Any CPU.Build.0 = Debug|Any CPU
		{7BFA239F-9D4B-4497-BBE7-789DA846D84C}.Release|Any CPU.ActiveCfg = Release|Any CPU
		{7BFA239F-9D4B-4497-BBE7-789DA846D84C}.Release|Any CPU.Build.0 = Release|Any CPU
		{DCC58CD0-DA55-4E85-950D-31000CF361C7}.Debug|Any CPU.ActiveCfg = Debug|Any CPU
		{DCC58CD0-DA55-4E85-950D-31000CF361C7}.Debug|Any CPU.Build.0 = Debug|Any CPU
		{DCC58CD0-DA55-4E85-950D-31000CF361C7}.Release|Any CPU.ActiveCfg = Release|Any CPU
		{DCC58CD0-DA55-4E85-950D-31000CF361C7}.Release|Any CPU.Build.0 = Release|Any CPU
		{629D7778-4DB7-42EC-B6A0-52DF697B0B83}.Debug|Any CPU.ActiveCfg = Debug|Any CPU
		{629D7778-4DB7-42EC-B6A0-52DF697B0B83}.Debug|Any CPU.Build.0 = Debug|Any CPU
		{629D7778-4DB7-42EC-B6A0-52DF697B0B83}.Release|Any CPU.ActiveCfg = Release|Any CPU
		{629D7778-4DB7-42EC-B6A0-52DF697B0B83}.Release|Any CPU.Build.0 = Release|Any CPU
	EndGlobalSection
	GlobalSection(SolutionProperties) = preSolution
		HideSolutionNode = FALSE
	EndGlobalSection
	GlobalSection(ExtensibilityGlobals) = postSolution
		SolutionGuid = {454A4EC5-F55A-4806-B7A2-9357E7D2A18A}
	EndGlobalSection
EndGlobal
